
Microsoft Visual Studio Solution File, Format Version 12.00
# Visual Studio Version 17
VisualStudioVersion = 17.1.32421.90
MinimumVisualStudioVersion = 10.0.40219.1
Project("{FAE04EC0-301F-11D3-BF4B-00C04F79EFBC}") = "LoginAndRegister3", "LoginAndRegister3\LoginAndRegister3.csproj", "{ABC3F249-EC96-49BB-A952-63CEEC245FCF}"
EndProject
Global
	GlobalSection(SolutionConfigurationPlatforms) = preSolution
		Debug|Any CPU = Debug|Any CPU
		Release|Any CPU = Release|Any CPU
	EndGlobalSection
	GlobalSection(ProjectConfigurationPlatforms) = postSolution
		{ABC3F249-EC96-49BB-A952-63CEEC245FCF}.Debug|Any CPU.ActiveCfg = Debug|Any CPU
		{ABC3F249-EC96-49BB-A952-63CEEC245FCF}.Debug|Any CPU.Build.0 = Debug|Any CPU
		{ABC3F249-EC96-49BB-A952-63CEEC245FCF}.Release|Any CPU.ActiveCfg = Release|Any CPU
		{ABC3F249-EC96-49BB-A952-63CEEC245FCF}.Release|Any CPU.Build.0 = Release|Any CPU
	EndGlobalSection
	GlobalSection(SolutionProperties) = preSolution
		HideSolutionNode = FALSE
	EndGlobalSection
	GlobalSection(ExtensibilityGlobals) = postSolution
		SolutionGuid = {1E5935EC-4F44-4BFD-8CE4-F70A34D13358}
	EndGlobalSection
EndGlobal
